
Microsoft Visual Studio Solution File, Format Version 12.00
# Visual Studio Version 17
VisualStudioVersion = 17.9.34622.214
MinimumVisualStudioVersion = 10.0.40219.1
Project("{9A19103F-16F7-4668-BE54-9A1E7A4F7556}") = "BuildingManagementApi", "BuildingManagementApi\BuildingManagementApi.csproj", "{9CE083DE-63D4-4441-9B7D-CBCF2F20E56A}"
EndProject
Project("{9A19103F-16F7-4668-BE54-9A1E7A4F7556}") = "BuildingManagementApiTest", "BuildingManagementApiTest\BuildingManagementApiTest.csproj", "{1C9CDAA5-A81C-48EE-9EC6-4F1666BBA766}"
EndProject
Project("{9A19103F-16F7-4668-BE54-9A1E7A4F7556}") = "Models", "Models\Models.csproj", "{67F65E3D-E62F-40F1-8D8D-6EEB8D525D48}"
EndProject
Project("{9A19103F-16F7-4668-BE54-9A1E7A4F7556}") = "LogicInterface", "LogicInterface\LogicInterface.csproj", "{06739DB3-42C0-450D-97E2-7777621B1359}"
EndProject
Project("{9A19103F-16F7-4668-BE54-9A1E7A4F7556}") = "Domain", "Domain\Domain.csproj", "{C0B0FDFC-F824-43BA-8359-361E9C25387F}"
EndProject
Project("{9A19103F-16F7-4668-BE54-9A1E7A4F7556}") = "BusinessLogic", "BusinessLogic\BusinessLogic.csproj", "{A7284AB0-0856-49CC-BE12-1A27F4591F6B}"
EndProject
Project("{9A19103F-16F7-4668-BE54-9A1E7A4F7556}") = "ServiceFactory", "ServiceFactory\ServiceFactory.csproj", "{61F53BC6-9B8C-4F0E-8781-E098A12E7AB2}"
EndProject
Project("{9A19103F-16F7-4668-BE54-9A1E7A4F7556}") = "BusinessLogicTest", "BusinessLogicTest\BusinessLogicTest.csproj", "{8CFC7874-81AF-48D1-B9CA-3409EB54F945}"
EndProject
Project("{9A19103F-16F7-4668-BE54-9A1E7A4F7556}") = "IDataAccess", "IDataAccess\IDataAccess.csproj", "{352A8F79-B003-41A7-B8A9-E5BC6F416932}"
EndProject
Project("{9A19103F-16F7-4668-BE54-9A1E7A4F7556}") = "DataAccess", "DataAccess\DataAccess.csproj", "{828190D2-7CD3-4D05-AAD7-6628ACD30131}"
EndProject
Project("{9A19103F-16F7-4668-BE54-9A1E7A4F7556}") = "DataAccessTest", "DataAccessTest\DataAccessTest.csproj", "{25461CE7-373F-4407-A6DD-F42786BA8EE2}"
EndProject
Project("{9A19103F-16F7-4668-BE54-9A1E7A4F7556}") = "CustomExceptions", "CustomExceptions\CustomExceptions.csproj", "{205A5D2B-1C71-4478-8228-3BF9EB0E29D7}"
EndProject
Project("{FAE04EC0-301F-11D3-BF4B-00C04F79EFBC}") = "JsonImporter", "JsonImporter\JsonImporter.csproj", "{610790AF-4684-4293-B89D-91D7A92F8520}"
EndProject
Project("{FAE04EC0-301F-11D3-BF4B-00C04F79EFBC}") = "ImporterInterface", "ImporterInterface\ImporterInterface.csproj", "{00533C4D-63AE-434E-9994-EE70259A9287}"
EndProject
Global
	GlobalSection(SolutionConfigurationPlatforms) = preSolution
		Debug|Any CPU = Debug|Any CPU
		Release|Any CPU = Release|Any CPU
	EndGlobalSection
	GlobalSection(ProjectConfigurationPlatforms) = postSolution
		{9CE083DE-63D4-4441-9B7D-CBCF2F20E56A}.Debug|Any CPU.ActiveCfg = Debug|Any CPU
		{9CE083DE-63D4-4441-9B7D-CBCF2F20E56A}.Debug|Any CPU.Build.0 = Debug|Any CPU
		{9CE083DE-63D4-4441-9B7D-CBCF2F20E56A}.Release|Any CPU.ActiveCfg = Release|Any CPU
		{9CE083DE-63D4-4441-9B7D-CBCF2F20E56A}.Release|Any CPU.Build.0 = Release|Any CPU
		{1C9CDAA5-A81C-48EE-9EC6-4F1666BBA766}.Debug|Any CPU.ActiveCfg = Debug|Any CPU
		{1C9CDAA5-A81C-48EE-9EC6-4F1666BBA766}.Debug|Any CPU.Build.0 = Debug|Any CPU
		{1C9CDAA5-A81C-48EE-9EC6-4F1666BBA766}.Release|Any CPU.ActiveCfg = Release|Any CPU
		{1C9CDAA5-A81C-48EE-9EC6-4F1666BBA766}.Release|Any CPU.Build.0 = Release|Any CPU
		{67F65E3D-E62F-40F1-8D8D-6EEB8D525D48}.Debug|Any CPU.ActiveCfg = Debug|Any CPU
		{67F65E3D-E62F-40F1-8D8D-6EEB8D525D48}.Debug|Any CPU.Build.0 = Debug|Any CPU
		{67F65E3D-E62F-40F1-8D8D-6EEB8D525D48}.Release|Any CPU.ActiveCfg = Release|Any CPU
		{67F65E3D-E62F-40F1-8D8D-6EEB8D525D48}.Release|Any CPU.Build.0 = Release|Any CPU
		{06739DB3-42C0-450D-97E2-7777621B1359}.Debug|Any CPU.ActiveCfg = Debug|Any CPU
		{06739DB3-42C0-450D-97E2-7777621B1359}.Debug|Any CPU.Build.0 = Debug|Any CPU
		{06739DB3-42C0-450D-97E2-7777621B1359}.Release|Any CPU.ActiveCfg = Release|Any CPU
		{06739DB3-42C0-450D-97E2-7777621B1359}.Release|Any CPU.Build.0 = Release|Any CPU
		{C0B0FDFC-F824-43BA-8359-361E9C25387F}.Debug|Any CPU.ActiveCfg = Debug|Any CPU
		{C0B0FDFC-F824-43BA-8359-361E9C25387F}.Debug|Any CPU.Build.0 = Debug|Any CPU
		{C0B0FDFC-F824-43BA-8359-361E9C25387F}.Release|Any CPU.ActiveCfg = Release|Any CPU
		{C0B0FDFC-F824-43BA-8359-361E9C25387F}.Release|Any CPU.Build.0 = Release|Any CPU
		{A7284AB0-0856-49CC-BE12-1A27F4591F6B}.Debug|Any CPU.ActiveCfg = Debug|Any CPU
		{A7284AB0-0856-49CC-BE12-1A27F4591F6B}.Debug|Any CPU.Build.0 = Debug|Any CPU
		{A7284AB0-0856-49CC-BE12-1A27F4591F6B}.Release|Any CPU.ActiveCfg = Release|Any CPU
		{A7284AB0-0856-49CC-BE12-1A27F4591F6B}.Release|Any CPU.Build.0 = Release|Any CPU
		{61F53BC6-9B8C-4F0E-8781-E098A12E7AB2}.Debug|Any CPU.ActiveCfg = Debug|Any CPU
		{61F53BC6-9B8C-4F0E-8781-E098A12E7AB2}.Debug|Any CPU.Build.0 = Debug|Any CPU
		{61F53BC6-9B8C-4F0E-8781-E098A12E7AB2}.Release|Any CPU.ActiveCfg = Release|Any CPU
		{61F53BC6-9B8C-4F0E-8781-E098A12E7AB2}.Release|Any CPU.Build.0 = Release|Any CPU
		{8CFC7874-81AF-48D1-B9CA-3409EB54F945}.Debug|Any CPU.ActiveCfg = Debug|Any CPU
		{8CFC7874-81AF-48D1-B9CA-3409EB54F945}.Debug|Any CPU.Build.0 = Debug|Any CPU
		{8CFC7874-81AF-48D1-B9CA-3409EB54F945}.Release|Any CPU.ActiveCfg = Release|Any CPU
		{8CFC7874-81AF-48D1-B9CA-3409EB54F945}.Release|Any CPU.Build.0 = Release|Any CPU
		{352A8F79-B003-41A7-B8A9-E5BC6F416932}.Debug|Any CPU.ActiveCfg = Debug|Any CPU
		{352A8F79-B003-41A7-B8A9-E5BC6F416932}.Debug|Any CPU.Build.0 = Debug|Any CPU
		{352A8F79-B003-41A7-B8A9-E5BC6F416932}.Release|Any CPU.ActiveCfg = Release|Any CPU
		{352A8F79-B003-41A7-B8A9-E5BC6F416932}.Release|Any CPU.Build.0 = Release|Any CPU
		{828190D2-7CD3-4D05-AAD7-6628ACD30131}.Debug|Any CPU.ActiveCfg = Debug|Any CPU
		{828190D2-7CD3-4D05-AAD7-6628ACD30131}.Debug|Any CPU.Build.0 = Debug|Any CPU
		{828190D2-7CD3-4D05-AAD7-6628ACD30131}.Release|Any CPU.ActiveCfg = Release|Any CPU
		{828190D2-7CD3-4D05-AAD7-6628ACD30131}.Release|Any CPU.Build.0 = Release|Any CPU
		{25461CE7-373F-4407-A6DD-F42786BA8EE2}.Debug|Any CPU.ActiveCfg = Debug|Any CPU
		{25461CE7-373F-4407-A6DD-F42786BA8EE2}.Debug|Any CPU.Build.0 = Debug|Any CPU
		{25461CE7-373F-4407-A6DD-F42786BA8EE2}.Release|Any CPU.ActiveCfg = Release|Any CPU
		{25461CE7-373F-4407-A6DD-F42786BA8EE2}.Release|Any CPU.Build.0 = Release|Any CPU
		{205A5D2B-1C71-4478-8228-3BF9EB0E29D7}.Debug|Any CPU.ActiveCfg = Debug|Any CPU
		{205A5D2B-1C71-4478-8228-3BF9EB0E29D7}.Debug|Any CPU.Build.0 = Debug|Any CPU
		{205A5D2B-1C71-4478-8228-3BF9EB0E29D7}.Release|Any CPU.ActiveCfg = Release|Any CPU
		{205A5D2B-1C71-4478-8228-3BF9EB0E29D7}.Release|Any CPU.Build.0 = Release|Any CPU
		{610790AF-4684-4293-B89D-91D7A92F8520}.Debug|Any CPU.ActiveCfg = Debug|Any CPU
		{610790AF-4684-4293-B89D-91D7A92F8520}.Debug|Any CPU.Build.0 = Debug|Any CPU
		{610790AF-4684-4293-B89D-91D7A92F8520}.Release|Any CPU.ActiveCfg = Release|Any CPU
		{610790AF-4684-4293-B89D-91D7A92F8520}.Release|Any CPU.Build.0 = Release|Any CPU
		{00533C4D-63AE-434E-9994-EE70259A9287}.Debug|Any CPU.ActiveCfg = Debug|Any CPU
		{00533C4D-63AE-434E-9994-EE70259A9287}.Debug|Any CPU.Build.0 = Debug|Any CPU
		{00533C4D-63AE-434E-9994-EE70259A9287}.Release|Any CPU.ActiveCfg = Release|Any CPU
		{00533C4D-63AE-434E-9994-EE70259A9287}.Release|Any CPU.Build.0 = Release|Any CPU
	EndGlobalSection
	GlobalSection(SolutionProperties) = preSolution
		HideSolutionNode = FALSE
	EndGlobalSection
	GlobalSection(ExtensibilityGlobals) = postSolution
		SolutionGuid = {E97FF831-FCD8-46F6-B148-6607D1AA7B0D}
	EndGlobalSection
EndGlobal
